
Microsoft Visual Studio Solution File, Format Version 12.00
# Visual Studio Version 17
VisualStudioVersion = 17.13.35913.81 d17.13
MinimumVisualStudioVersion = 10.0.40219.1
Project("{FAE04EC0-301F-11D3-BF4B-00C04F79EFBC}") = "ConsoleApp1", "ConsoleApp1.csproj", "{2345B7B4-781B-49C7-BF1A-C974309776C3}"
EndProject
Global
	GlobalSection(SolutionConfigurationPlatforms) = preSolution
		Debug|Any CPU = Debug|Any CPU
		Release|Any CPU = Release|Any CPU
	EndGlobalSection
	GlobalSection(ProjectConfigurationPlatforms) = postSolution
		{2345B7B4-781B-49C7-BF1A-C974309776C3}.Debug|Any CPU.ActiveCfg = Debug|Any CPU
		{2345B7B4-781B-49C7-BF1A-C974309776C3}.Debug|Any CPU.Build.0 = Debug|Any CPU
		{2345B7B4-781B-49C7-BF1A-C974309776C3}.Release|Any CPU.ActiveCfg = Release|Any CPU
		{2345B7B4-781B-49C7-BF1A-C974309776C3}.Release|Any CPU.Build.0 = Release|Any CPU
	EndGlobalSection
	GlobalSection(SolutionProperties) = preSolution
		HideSolutionNode = FALSE
	EndGlobalSection
	GlobalSection(ExtensibilityGlobals) = postSolution
		SolutionGuid = {4E31314A-15C6-47FA-9E38-1C4741D94772}
	EndGlobalSection
EndGlobal
